
Microsoft Visual Studio Solution File, Format Version 12.00
# Visual Studio Version 16
VisualStudioVersion = 16.0.29123.89
MinimumVisualStudioVersion = 10.0.40219.1
Project("{9A19103F-16F7-4668-BE54-9A1E7A4F7556}") = "Sample01", "Sample01\Sample01.csproj", "{B96FBD19-4BF9-4F18-8E39-6B168832A6A9}"
EndProject
Project("{9A19103F-16F7-4668-BE54-9A1E7A4F7556}") = "AppDemoConventionalMetadataProviders", "AppDemoConventionalMetadataProviders\AppDemoConventionalMetadataProviders.csproj", "{BAD03689-1768-4C7C-98B4-7F7C76E58B11}"
EndProject
Project("{9A19103F-16F7-4668-BE54-9A1E7A4F7556}") = "JsonLocalizer", "JsonLocalizer\JsonLocalizer.csproj", "{E5E96234-33EE-41B5-B98A-44EB662795A6}"
EndProject
Project("{9A19103F-16F7-4668-BE54-9A1E7A4F7556}") = "LoggingCachingLocalization", "LoggingCachingLocalization\LoggingCachingLocalization.csproj", "{7A97F317-5DBD-461C-8C52-49684774CC90}"
EndProject
Project("{9A19103F-16F7-4668-BE54-9A1E7A4F7556}") = "AspNetCoreIdentityLocalization", "AspNetCoreIdentityLocalization\AspNetCoreIdentityLocalization.csproj", "{71A265A6-E096-4560-A603-2F0AEC4C752A}"
EndProject
Project("{FAE04EC0-301F-11D3-BF4B-00C04F79EFBC}") = "Localization.WebApi", "Localization.WebApi\Localization.WebApi.csproj", "{0D0E8503-7278-437F-8C40-E696C1CAF3A9}"
EndProject
Project("{FAE04EC0-301F-11D3-BF4B-00C04F79EFBC}") = "ClassLibrary1", "ClassLibrary1\ClassLibrary1.csproj", "{45F624A1-FB03-49DA-B8EE-E95B6082EF00}"
EndProject
Project("{FAE04EC0-301F-11D3-BF4B-00C04F79EFBC}") = "LocalizationExample.Routing", "LocalizationExample.Routing\LocalizationExample.Routing.csproj", "{84080713-3AFA-46A5-98BE-6A095DC89EFE}"
EndProject
Global
	GlobalSection(SolutionConfigurationPlatforms) = preSolution
		Debug|Any CPU = Debug|Any CPU
		Release|Any CPU = Release|Any CPU
	EndGlobalSection
	GlobalSection(ProjectConfigurationPlatforms) = postSolution
		{B96FBD19-4BF9-4F18-8E39-6B168832A6A9}.Debug|Any CPU.ActiveCfg = Debug|Any CPU
		{B96FBD19-4BF9-4F18-8E39-6B168832A6A9}.Debug|Any CPU.Build.0 = Debug|Any CPU
		{B96FBD19-4BF9-4F18-8E39-6B168832A6A9}.Release|Any CPU.ActiveCfg = Release|Any CPU
		{B96FBD19-4BF9-4F18-8E39-6B168832A6A9}.Release|Any CPU.Build.0 = Release|Any CPU
		{BAD03689-1768-4C7C-98B4-7F7C76E58B11}.Debug|Any CPU.ActiveCfg = Debug|Any CPU
		{BAD03689-1768-4C7C-98B4-7F7C76E58B11}.Debug|Any CPU.Build.0 = Debug|Any CPU
		{BAD03689-1768-4C7C-98B4-7F7C76E58B11}.Release|Any CPU.ActiveCfg = Release|Any CPU
		{BAD03689-1768-4C7C-98B4-7F7C76E58B11}.Release|Any CPU.Build.0 = Release|Any CPU
		{E5E96234-33EE-41B5-B98A-44EB662795A6}.Debug|Any CPU.ActiveCfg = Debug|Any CPU
		{E5E96234-33EE-41B5-B98A-44EB662795A6}.Debug|Any CPU.Build.0 = Debug|Any CPU
		{E5E96234-33EE-41B5-B98A-44EB662795A6}.Release|Any CPU.ActiveCfg = Release|Any CPU
		{E5E96234-33EE-41B5-B98A-44EB662795A6}.Release|Any CPU.Build.0 = Release|Any CPU
		{7A97F317-5DBD-461C-8C52-49684774CC90}.Debug|Any CPU.ActiveCfg = Debug|Any CPU
		{7A97F317-5DBD-461C-8C52-49684774CC90}.Debug|Any CPU.Build.0 = Debug|Any CPU
		{7A97F317-5DBD-461C-8C52-49684774CC90}.Release|Any CPU.ActiveCfg = Release|Any CPU
		{7A97F317-5DBD-461C-8C52-49684774CC90}.Release|Any CPU.Build.0 = Release|Any CPU
		{71A265A6-E096-4560-A603-2F0AEC4C752A}.Debug|Any CPU.ActiveCfg = Debug|Any CPU
		{71A265A6-E096-4560-A603-2F0AEC4C752A}.Debug|Any CPU.Build.0 = Debug|Any CPU
		{71A265A6-E096-4560-A603-2F0AEC4C752A}.Release|Any CPU.ActiveCfg = Release|Any CPU
		{71A265A6-E096-4560-A603-2F0AEC4C752A}.Release|Any CPU.Build.0 = Release|Any CPU
		{0D0E8503-7278-437F-8C40-E696C1CAF3A9}.Debug|Any CPU.ActiveCfg = Debug|Any CPU
		{0D0E8503-7278-437F-8C40-E696C1CAF3A9}.Debug|Any CPU.Build.0 = Debug|Any CPU
		{0D0E8503-7278-437F-8C40-E696C1CAF3A9}.Release|Any CPU.ActiveCfg = Release|Any CPU
		{0D0E8503-7278-437F-8C40-E696C1CAF3A9}.Release|Any CPU.Build.0 = Release|Any CPU
		{45F624A1-FB03-49DA-B8EE-E95B6082EF00}.Debug|Any CPU.ActiveCfg = Debug|Any CPU
		{45F624A1-FB03-49DA-B8EE-E95B6082EF00}.Debug|Any CPU.Build.0 = Debug|Any CPU
		{45F624A1-FB03-49DA-B8EE-E95B6082EF00}.Release|Any CPU.ActiveCfg = Release|Any CPU
		{45F624A1-FB03-49DA-B8EE-E95B6082EF00}.Release|Any CPU.Build.0 = Release|Any CPU
		{84080713-3AFA-46A5-98BE-6A095DC89EFE}.Debug|Any CPU.ActiveCfg = Debug|Any CPU
		{84080713-3AFA-46A5-98BE-6A095DC89EFE}.Debug|Any CPU.Build.0 = Debug|Any CPU
		{84080713-3AFA-46A5-98BE-6A095DC89EFE}.Release|Any CPU.ActiveCfg = Release|Any CPU
		{84080713-3AFA-46A5-98BE-6A095DC89EFE}.Release|Any CPU.Build.0 = Release|Any CPU
	EndGlobalSection
	GlobalSection(SolutionProperties) = preSolution
		HideSolutionNode = FALSE
	EndGlobalSection
	GlobalSection(ExtensibilityGlobals) = postSolution
		SolutionGuid = {9B8B0A6C-1308-4A51-8CD2-1FE957F20B23}
	EndGlobalSection
EndGlobal
